# This file is automatically @generated by Cargo.
# It is not intended for manual editing.
version = 3

[[package]]
name = "ch06_01_expression_language"
version = "0.1.0"

[[package]]
name = "ch06_03_blocks_and_semicolons"
version = "0.1.0"

[[package]]
name = "ch06_04_if_and_match"
version = "0.1.0"

[[package]]
name = "ch06_05_if_let"
version = "0.1.0"

[[package]]
name = "ch06_06_loops"
version = "0.1.0"

[[package]]
name = "ch06_07_control_flow_in_loops"
version = "0.1.0"

[[package]]
name = "ch06_08_return_expression"
version = "0.1.0"

[[package]]
name = "ch06_10_function_and_method_call"
version = "0.1.0"

[[package]]
name = "ch06_11_fields_and_elements"
version = "0.1.0"

[[package]]
name = "ch06_12_reference_operators"
version = "0.1.0"

[[package]]
name = "ch06_13_arithmetic_bitwise_comparison_logical_operators"
version = "0.1.0"

[[package]]
name = "ch06_14_assignment"
version = "0.1.0"

[[package]]
name = "ch06_15_type_casts"
version = "0.1.0"

[[package]]
name = "ch06_16_closures"
version = "0.1.0"
